
Microsoft Visual Studio Solution File, Format Version 12.00
# Visual Studio Version 17
VisualStudioVersion = 17.3.32804.467
MinimumVisualStudioVersion = 10.0.40219.1
Project("{2150E333-8FDC-42A3-9474-1A3956D46DE8}") = "Clientes", "Clientes", "{39223124-8629-4044-879A-B0E43CE936D6}"
EndProject
Project("{2150E333-8FDC-42A3-9474-1A3956D46DE8}") = "Cuentas", "Cuentas", "{2D4868E3-E47F-4D0F-A544-CFFAD25340D1}"
EndProject
Project("{9A19103F-16F7-4668-BE54-9A1E7A4F7556}") = "Clientes.API", "Clientes.API\Clientes.API.csproj", "{719114C9-84E9-40E1-9E3F-8D58D367D9E7}"
EndProject
Project("{9A19103F-16F7-4668-BE54-9A1E7A4F7556}") = "Clientes.Datos", "Clientes.Datos\Clientes.Datos.csproj", "{DF2DDE56-53FD-4F13-9328-95433DF80540}"
EndProject
Project("{9A19103F-16F7-4668-BE54-9A1E7A4F7556}") = "Clientes.Interfaces", "Clientes.Interfaces\Clientes.Interfaces.csproj", "{84BA0295-EBB2-41E9-BC63-A2A580F15412}"
EndProject
Project("{9A19103F-16F7-4668-BE54-9A1E7A4F7556}") = "Clientes.Resolver", "Clientes.Resolver\Clientes.Resolver.csproj", "{73EE7294-EE78-489C-BC47-813E91AF3BD8}"
EndProject
Project("{9A19103F-16F7-4668-BE54-9A1E7A4F7556}") = "Clientes.Tests", "Clientes.Tests\Clientes.Tests.csproj", "{B8AE5A1F-F9EB-4753-B86B-4C2747050082}"
EndProject
Project("{9A19103F-16F7-4668-BE54-9A1E7A4F7556}") = "Clientes.Modelos", "Clientes.Modelos\Clientes.Modelos.csproj", "{7C469E4D-4484-44B8-85CA-73A4C268F1FE}"
EndProject
Project("{9A19103F-16F7-4668-BE54-9A1E7A4F7556}") = "Clientes.Aplicacion", "Clientes.Aplicacion\Clientes.Aplicacion.csproj", "{74AEE9FC-C2E2-4F12-BF8C-EC0B0C70F84B}"
EndProject
Project("{E53339B2-1760-4266-BCC7-CA923CBCF16C}") = "docker-compose", "docker-compose.dcproj", "{D706F4C7-8F09-4BC4-A405-DFD9969F57A3}"
EndProject
Project("{9A19103F-16F7-4668-BE54-9A1E7A4F7556}") = "Cuentas.API", "Cuentas.API\Cuentas.API.csproj", "{10ADA322-3E9D-4580-97ED-004DCD0AA866}"
EndProject
Project("{9A19103F-16F7-4668-BE54-9A1E7A4F7556}") = "Cuentas.Test", "Cuentas.Test\Cuentas.Test.csproj", "{251295FC-7D60-47AD-9099-ABE8259B70C4}"
EndProject
Project("{9A19103F-16F7-4668-BE54-9A1E7A4F7556}") = "Cuentas.Datos", "Cuentas.Datos\Cuentas.Datos.csproj", "{D171EA24-77E6-4B6C-884B-70201CC59E0E}"
EndProject
Project("{9A19103F-16F7-4668-BE54-9A1E7A4F7556}") = "Cuentas.Modelos", "Cuentas.Modelos\Cuentas.Modelos.csproj", "{C0604983-7C5E-41C9-8AF7-8C7E23EC9C2D}"
EndProject
Project("{9A19103F-16F7-4668-BE54-9A1E7A4F7556}") = "Cuentas.Interfaces", "Cuentas.Interfaces\Cuentas.Interfaces.csproj", "{7C26E246-E41B-4916-98D5-5400E1BABECB}"
EndProject
Project("{FAE04EC0-301F-11D3-BF4B-00C04F79EFBC}") = "Cuentas.Aplicacion", "..\Cuentas.Aplicacion\Cuentas.Aplicacion.csproj", "{277E12F4-1529-45D1-A4B3-3328BC262675}"
EndProject
Project("{FAE04EC0-301F-11D3-BF4B-00C04F79EFBC}") = "Cuentas.Resolver", "..\Cuentas.Resolver\Cuentas.Resolver.csproj", "{79B27E5A-A10E-4890-8374-21C952A9B424}"
EndProject
Project("{2150E333-8FDC-42A3-9474-1A3956D46DE8}") = "Movimientos", "Movimientos", "{17EBC91C-400C-40CA-B913-7CC8C8A42A87}"
EndProject
Project("{FAE04EC0-301F-11D3-BF4B-00C04F79EFBC}") = "Movimientos.API", "Movimientos.API\Movimientos.API.csproj", "{DB0F1B35-81B7-4384-BFA6-B9C6EAD30471}"
EndProject
Project("{FAE04EC0-301F-11D3-BF4B-00C04F79EFBC}") = "Movimientos.Datos", "Movimientos.Datos\Movimientos.Datos.csproj", "{70E95424-A52B-47EB-8B14-B85C57F67BC3}"
EndProject
Project("{FAE04EC0-301F-11D3-BF4B-00C04F79EFBC}") = "Movimientos.Modelos", "Movimientos.Modelos\Movimientos.Modelos.csproj", "{ADD0BA54-572A-44FB-9C19-8E2359F68FCB}"
EndProject
Project("{FAE04EC0-301F-11D3-BF4B-00C04F79EFBC}") = "Movimientos.Aplicacion", "Movimientos.Aplicacion\Movimientos.Aplicacion.csproj", "{2A4CC6A4-51AE-42A0-A362-7380B4A9C806}"
EndProject
Project("{FAE04EC0-301F-11D3-BF4B-00C04F79EFBC}") = "Movimientos.Resolver", "Movimientos.Resolver\Movimientos.Resolver.csproj", "{B8788C41-9F52-4924-A24F-F29949AFB6E1}"
EndProject
Project("{FAE04EC0-301F-11D3-BF4B-00C04F79EFBC}") = "Movimientos.Interfaces", "Movimientos.Interfaces\Movimientos.Interfaces.csproj", "{3049911B-D978-452B-BCDF-AFCA5CA9A7EA}"
EndProject
Project("{FAE04EC0-301F-11D3-BF4B-00C04F79EFBC}") = "Movimientos.Tests", "Movimientos.Tests\Movimientos.Tests.csproj", "{93B8CDF8-77D7-456F-AB42-94617CDAFDC5}"
EndProject
Project("{FAE04EC0-301F-11D3-BF4B-00C04F79EFBC}") = "API.Gateway", "API.Gateway\API.Gateway.csproj", "{A6E437C9-A70E-4C69-B6C5-9541EBA5BD8F}"
EndProject
Global
	GlobalSection(SolutionConfigurationPlatforms) = preSolution
		Debug|Any CPU = Debug|Any CPU
		Release|Any CPU = Release|Any CPU
	EndGlobalSection
	GlobalSection(ProjectConfigurationPlatforms) = postSolution
		{719114C9-84E9-40E1-9E3F-8D58D367D9E7}.Debug|Any CPU.ActiveCfg = Debug|Any CPU
		{719114C9-84E9-40E1-9E3F-8D58D367D9E7}.Debug|Any CPU.Build.0 = Debug|Any CPU
		{719114C9-84E9-40E1-9E3F-8D58D367D9E7}.Release|Any CPU.ActiveCfg = Release|Any CPU
		{719114C9-84E9-40E1-9E3F-8D58D367D9E7}.Release|Any CPU.Build.0 = Release|Any CPU
		{DF2DDE56-53FD-4F13-9328-95433DF80540}.Debug|Any CPU.ActiveCfg = Debug|Any CPU
		{DF2DDE56-53FD-4F13-9328-95433DF80540}.Debug|Any CPU.Build.0 = Debug|Any CPU
		{DF2DDE56-53FD-4F13-9328-95433DF80540}.Release|Any CPU.ActiveCfg = Release|Any CPU
		{DF2DDE56-53FD-4F13-9328-95433DF80540}.Release|Any CPU.Build.0 = Release|Any CPU
		{84BA0295-EBB2-41E9-BC63-A2A580F15412}.Debug|Any CPU.ActiveCfg = Debug|Any CPU
		{84BA0295-EBB2-41E9-BC63-A2A580F15412}.Debug|Any CPU.Build.0 = Debug|Any CPU
		{84BA0295-EBB2-41E9-BC63-A2A580F15412}.Release|Any CPU.ActiveCfg = Release|Any CPU
		{84BA0295-EBB2-41E9-BC63-A2A580F15412}.Release|Any CPU.Build.0 = Release|Any CPU
		{73EE7294-EE78-489C-BC47-813E91AF3BD8}.Debug|Any CPU.ActiveCfg = Debug|Any CPU
		{73EE7294-EE78-489C-BC47-813E91AF3BD8}.Debug|Any CPU.Build.0 = Debug|Any CPU
		{73EE7294-EE78-489C-BC47-813E91AF3BD8}.Release|Any CPU.ActiveCfg = Release|Any CPU
		{73EE7294-EE78-489C-BC47-813E91AF3BD8}.Release|Any CPU.Build.0 = Release|Any CPU
		{B8AE5A1F-F9EB-4753-B86B-4C2747050082}.Debug|Any CPU.ActiveCfg = Debug|Any CPU
		{B8AE5A1F-F9EB-4753-B86B-4C2747050082}.Debug|Any CPU.Build.0 = Debug|Any CPU
		{B8AE5A1F-F9EB-4753-B86B-4C2747050082}.Release|Any CPU.ActiveCfg = Release|Any CPU
		{B8AE5A1F-F9EB-4753-B86B-4C2747050082}.Release|Any CPU.Build.0 = Release|Any CPU
		{7C469E4D-4484-44B8-85CA-73A4C268F1FE}.Debug|Any CPU.ActiveCfg = Debug|Any CPU
		{7C469E4D-4484-44B8-85CA-73A4C268F1FE}.Debug|Any CPU.Build.0 = Debug|Any CPU
		{7C469E4D-4484-44B8-85CA-73A4C268F1FE}.Release|Any CPU.ActiveCfg = Release|Any CPU
		{7C469E4D-4484-44B8-85CA-73A4C268F1FE}.Release|Any CPU.Build.0 = Release|Any CPU
		{74AEE9FC-C2E2-4F12-BF8C-EC0B0C70F84B}.Debug|Any CPU.ActiveCfg = Debug|Any CPU
		{74AEE9FC-C2E2-4F12-BF8C-EC0B0C70F84B}.Debug|Any CPU.Build.0 = Debug|Any CPU
		{74AEE9FC-C2E2-4F12-BF8C-EC0B0C70F84B}.Release|Any CPU.ActiveCfg = Release|Any CPU
		{74AEE9FC-C2E2-4F12-BF8C-EC0B0C70F84B}.Release|Any CPU.Build.0 = Release|Any CPU
		{D706F4C7-8F09-4BC4-A405-DFD9969F57A3}.Debug|Any CPU.ActiveCfg = Debug|Any CPU
		{D706F4C7-8F09-4BC4-A405-DFD9969F57A3}.Debug|Any CPU.Build.0 = Debug|Any CPU
		{D706F4C7-8F09-4BC4-A405-DFD9969F57A3}.Release|Any CPU.ActiveCfg = Release|Any CPU
		{D706F4C7-8F09-4BC4-A405-DFD9969F57A3}.Release|Any CPU.Build.0 = Release|Any CPU
		{10ADA322-3E9D-4580-97ED-004DCD0AA866}.Debug|Any CPU.ActiveCfg = Debug|Any CPU
		{10ADA322-3E9D-4580-97ED-004DCD0AA866}.Debug|Any CPU.Build.0 = Debug|Any CPU
		{10ADA322-3E9D-4580-97ED-004DCD0AA866}.Release|Any CPU.ActiveCfg = Release|Any CPU
		{10ADA322-3E9D-4580-97ED-004DCD0AA866}.Release|Any CPU.Build.0 = Release|Any CPU
		{251295FC-7D60-47AD-9099-ABE8259B70C4}.Debug|Any CPU.ActiveCfg = Debug|Any CPU
		{251295FC-7D60-47AD-9099-ABE8259B70C4}.Debug|Any CPU.Build.0 = Debug|Any CPU
		{251295FC-7D60-47AD-9099-ABE8259B70C4}.Release|Any CPU.ActiveCfg = Release|Any CPU
		{251295FC-7D60-47AD-9099-ABE8259B70C4}.Release|Any CPU.Build.0 = Release|Any CPU
		{D171EA24-77E6-4B6C-884B-70201CC59E0E}.Debug|Any CPU.ActiveCfg = Debug|Any CPU
		{D171EA24-77E6-4B6C-884B-70201CC59E0E}.Debug|Any CPU.Build.0 = Debug|Any CPU
		{D171EA24-77E6-4B6C-884B-70201CC59E0E}.Release|Any CPU.ActiveCfg = Release|Any CPU
		{D171EA24-77E6-4B6C-884B-70201CC59E0E}.Release|Any CPU.Build.0 = Release|Any CPU
		{C0604983-7C5E-41C9-8AF7-8C7E23EC9C2D}.Debug|Any CPU.ActiveCfg = Debug|Any CPU
		{C0604983-7C5E-41C9-8AF7-8C7E23EC9C2D}.Debug|Any CPU.Build.0 = Debug|Any CPU
		{C0604983-7C5E-41C9-8AF7-8C7E23EC9C2D}.Release|Any CPU.ActiveCfg = Release|Any CPU
		{C0604983-7C5E-41C9-8AF7-8C7E23EC9C2D}.Release|Any CPU.Build.0 = Release|Any CPU
		{7C26E246-E41B-4916-98D5-5400E1BABECB}.Debug|Any CPU.ActiveCfg = Debug|Any CPU
		{7C26E246-E41B-4916-98D5-5400E1BABECB}.Debug|Any CPU.Build.0 = Debug|Any CPU
		{7C26E246-E41B-4916-98D5-5400E1BABECB}.Release|Any CPU.ActiveCfg = Release|Any CPU
		{7C26E246-E41B-4916-98D5-5400E1BABECB}.Release|Any CPU.Build.0 = Release|Any CPU
		{277E12F4-1529-45D1-A4B3-3328BC262675}.Debug|Any CPU.ActiveCfg = Debug|Any CPU
		{277E12F4-1529-45D1-A4B3-3328BC262675}.Debug|Any CPU.Build.0 = Debug|Any CPU
		{277E12F4-1529-45D1-A4B3-3328BC262675}.Release|Any CPU.ActiveCfg = Release|Any CPU
		{277E12F4-1529-45D1-A4B3-3328BC262675}.Release|Any CPU.Build.0 = Release|Any CPU
		{79B27E5A-A10E-4890-8374-21C952A9B424}.Debug|Any CPU.ActiveCfg = Debug|Any CPU
		{79B27E5A-A10E-4890-8374-21C952A9B424}.Debug|Any CPU.Build.0 = Debug|Any CPU
		{79B27E5A-A10E-4890-8374-21C952A9B424}.Release|Any CPU.ActiveCfg = Release|Any CPU
		{79B27E5A-A10E-4890-8374-21C952A9B424}.Release|Any CPU.Build.0 = Release|Any CPU
		{DB0F1B35-81B7-4384-BFA6-B9C6EAD30471}.Debug|Any CPU.ActiveCfg = Debug|Any CPU
		{DB0F1B35-81B7-4384-BFA6-B9C6EAD30471}.Debug|Any CPU.Build.0 = Debug|Any CPU
		{DB0F1B35-81B7-4384-BFA6-B9C6EAD30471}.Release|Any CPU.ActiveCfg = Release|Any CPU
		{DB0F1B35-81B7-4384-BFA6-B9C6EAD30471}.Release|Any CPU.Build.0 = Release|Any CPU
		{70E95424-A52B-47EB-8B14-B85C57F67BC3}.Debug|Any CPU.ActiveCfg = Debug|Any CPU
		{70E95424-A52B-47EB-8B14-B85C57F67BC3}.Debug|Any CPU.Build.0 = Debug|Any CPU
		{70E95424-A52B-47EB-8B14-B85C57F67BC3}.Release|Any CPU.ActiveCfg = Release|Any CPU
		{70E95424-A52B-47EB-8B14-B85C57F67BC3}.Release|Any CPU.Build.0 = Release|Any CPU
		{ADD0BA54-572A-44FB-9C19-8E2359F68FCB}.Debug|Any CPU.ActiveCfg = Debug|Any CPU
		{ADD0BA54-572A-44FB-9C19-8E2359F68FCB}.Debug|Any CPU.Build.0 = Debug|Any CPU
		{ADD0BA54-572A-44FB-9C19-8E2359F68FCB}.Release|Any CPU.ActiveCfg = Release|Any CPU
		{ADD0BA54-572A-44FB-9C19-8E2359F68FCB}.Release|Any CPU.Build.0 = Release|Any CPU
		{2A4CC6A4-51AE-42A0-A362-7380B4A9C806}.Debug|Any CPU.ActiveCfg = Debug|Any CPU
		{2A4CC6A4-51AE-42A0-A362-7380B4A9C806}.Debug|Any CPU.Build.0 = Debug|Any CPU
		{2A4CC6A4-51AE-42A0-A362-7380B4A9C806}.Release|Any CPU.ActiveCfg = Release|Any CPU
		{2A4CC6A4-51AE-42A0-A362-7380B4A9C806}.Release|Any CPU.Build.0 = Release|Any CPU
		{B8788C41-9F52-4924-A24F-F29949AFB6E1}.Debug|Any CPU.ActiveCfg = Debug|Any CPU
		{B8788C41-9F52-4924-A24F-F29949AFB6E1}.Debug|Any CPU.Build.0 = Debug|Any CPU
		{B8788C41-9F52-4924-A24F-F29949AFB6E1}.Release|Any CPU.ActiveCfg = Release|Any CPU
		{B8788C41-9F52-4924-A24F-F29949AFB6E1}.Release|Any CPU.Build.0 = Release|Any CPU
		{3049911B-D978-452B-BCDF-AFCA5CA9A7EA}.Debug|Any CPU.ActiveCfg = Debug|Any CPU
		{3049911B-D978-452B-BCDF-AFCA5CA9A7EA}.Debug|Any CPU.Build.0 = Debug|Any CPU
		{3049911B-D978-452B-BCDF-AFCA5CA9A7EA}.Release|Any CPU.ActiveCfg = Release|Any CPU
		{3049911B-D978-452B-BCDF-AFCA5CA9A7EA}.Release|Any CPU.Build.0 = Release|Any CPU
		{93B8CDF8-77D7-456F-AB42-94617CDAFDC5}.Debug|Any CPU.ActiveCfg = Debug|Any CPU
		{93B8CDF8-77D7-456F-AB42-94617CDAFDC5}.Debug|Any CPU.Build.0 = Debug|Any CPU
		{93B8CDF8-77D7-456F-AB42-94617CDAFDC5}.Release|Any CPU.ActiveCfg = Release|Any CPU
		{93B8CDF8-77D7-456F-AB42-94617CDAFDC5}.Release|Any CPU.Build.0 = Release|Any CPU
		{A6E437C9-A70E-4C69-B6C5-9541EBA5BD8F}.Debug|Any CPU.ActiveCfg = Debug|Any CPU
		{A6E437C9-A70E-4C69-B6C5-9541EBA5BD8F}.Debug|Any CPU.Build.0 = Debug|Any CPU
		{A6E437C9-A70E-4C69-B6C5-9541EBA5BD8F}.Release|Any CPU.ActiveCfg = Release|Any CPU
		{A6E437C9-A70E-4C69-B6C5-9541EBA5BD8F}.Release|Any CPU.Build.0 = Release|Any CPU
	EndGlobalSection
	GlobalSection(SolutionProperties) = preSolution
		HideSolutionNode = FALSE
	EndGlobalSection
	GlobalSection(NestedProjects) = preSolution
		{719114C9-84E9-40E1-9E3F-8D58D367D9E7} = {39223124-8629-4044-879A-B0E43CE936D6}
		{DF2DDE56-53FD-4F13-9328-95433DF80540} = {39223124-8629-4044-879A-B0E43CE936D6}
		{84BA0295-EBB2-41E9-BC63-A2A580F15412} = {39223124-8629-4044-879A-B0E43CE936D6}
		{73EE7294-EE78-489C-BC47-813E91AF3BD8} = {39223124-8629-4044-879A-B0E43CE936D6}
		{B8AE5A1F-F9EB-4753-B86B-4C2747050082} = {39223124-8629-4044-879A-B0E43CE936D6}
		{7C469E4D-4484-44B8-85CA-73A4C268F1FE} = {39223124-8629-4044-879A-B0E43CE936D6}
		{74AEE9FC-C2E2-4F12-BF8C-EC0B0C70F84B} = {39223124-8629-4044-879A-B0E43CE936D6}
		{10ADA322-3E9D-4580-97ED-004DCD0AA866} = {2D4868E3-E47F-4D0F-A544-CFFAD25340D1}
		{251295FC-7D60-47AD-9099-ABE8259B70C4} = {2D4868E3-E47F-4D0F-A544-CFFAD25340D1}
		{D171EA24-77E6-4B6C-884B-70201CC59E0E} = {2D4868E3-E47F-4D0F-A544-CFFAD25340D1}
		{C0604983-7C5E-41C9-8AF7-8C7E23EC9C2D} = {2D4868E3-E47F-4D0F-A544-CFFAD25340D1}
		{7C26E246-E41B-4916-98D5-5400E1BABECB} = {2D4868E3-E47F-4D0F-A544-CFFAD25340D1}
		{277E12F4-1529-45D1-A4B3-3328BC262675} = {2D4868E3-E47F-4D0F-A544-CFFAD25340D1}
		{79B27E5A-A10E-4890-8374-21C952A9B424} = {2D4868E3-E47F-4D0F-A544-CFFAD25340D1}
		{DB0F1B35-81B7-4384-BFA6-B9C6EAD30471} = {17EBC91C-400C-40CA-B913-7CC8C8A42A87}
		{70E95424-A52B-47EB-8B14-B85C57F67BC3} = {17EBC91C-400C-40CA-B913-7CC8C8A42A87}
		{ADD0BA54-572A-44FB-9C19-8E2359F68FCB} = {17EBC91C-400C-40CA-B913-7CC8C8A42A87}
		{2A4CC6A4-51AE-42A0-A362-7380B4A9C806} = {17EBC91C-400C-40CA-B913-7CC8C8A42A87}
		{B8788C41-9F52-4924-A24F-F29949AFB6E1} = {17EBC91C-400C-40CA-B913-7CC8C8A42A87}
		{3049911B-D978-452B-BCDF-AFCA5CA9A7EA} = {17EBC91C-400C-40CA-B913-7CC8C8A42A87}
		{93B8CDF8-77D7-456F-AB42-94617CDAFDC5} = {17EBC91C-400C-40CA-B913-7CC8C8A42A87}
	EndGlobalSection
	GlobalSection(ExtensibilityGlobals) = postSolution
		SolutionGuid = {E49F317A-77EE-46D1-806C-4B36D8BE4C34}
	EndGlobalSection
EndGlobal
